
Microsoft Visual Studio Solution File, Format Version 12.00
# Visual Studio Version 16
VisualStudioVersion = 16.0.30717.126
MinimumVisualStudioVersion = 15.0.26124.0
Project("{9A19103F-16F7-4668-BE54-9A1E7A4F7556}") = "BasicWinForms", "BasicWinForms\BasicWinForms.csproj", "{D415284D-EDC5-4F47-B5CB-3901DF25D655}"
EndProject
Project("{FAE04EC0-301F-11D3-BF4B-00C04F79EFBC}") = "LegacyWinForms", "LegacyWinForms\LegacyWinForms.csproj", "{B2D7F567-DBD2-424E-A111-E9ADB83FC66F}"
EndProject
Project("{FAE04EC0-301F-11D3-BF4B-00C04F79EFBC}") = "FluentUwpApp", "FluentUwpApp\FluentUwpApp.csproj", "{B06A8CA1-CA30-45C1-B96C-DEFF7FEF6E8D}"
EndProject
Global
	GlobalSection(SolutionConfigurationPlatforms) = preSolution
		Debug|Any CPU = Debug|Any CPU
		Debug|ARM = Debug|ARM
		Debug|ARM64 = Debug|ARM64
		Debug|x64 = Debug|x64
		Debug|x86 = Debug|x86
		Release|Any CPU = Release|Any CPU
		Release|ARM = Release|ARM
		Release|ARM64 = Release|ARM64
		Release|x64 = Release|x64
		Release|x86 = Release|x86
	EndGlobalSection
	GlobalSection(ProjectConfigurationPlatforms) = postSolution
		{D415284D-EDC5-4F47-B5CB-3901DF25D655}.Debug|Any CPU.ActiveCfg = Debug|Any CPU
		{D415284D-EDC5-4F47-B5CB-3901DF25D655}.Debug|Any CPU.Build.0 = Debug|Any CPU
		{D415284D-EDC5-4F47-B5CB-3901DF25D655}.Debug|ARM.ActiveCfg = Debug|Any CPU
		{D415284D-EDC5-4F47-B5CB-3901DF25D655}.Debug|ARM.Build.0 = Debug|Any CPU
		{D415284D-EDC5-4F47-B5CB-3901DF25D655}.Debug|ARM64.ActiveCfg = Debug|Any CPU
		{D415284D-EDC5-4F47-B5CB-3901DF25D655}.Debug|ARM64.Build.0 = Debug|Any CPU
		{D415284D-EDC5-4F47-B5CB-3901DF25D655}.Debug|x64.ActiveCfg = Debug|Any CPU
		{D415284D-EDC5-4F47-B5CB-3901DF25D655}.Debug|x64.Build.0 = Debug|Any CPU
		{D415284D-EDC5-4F47-B5CB-3901DF25D655}.Debug|x86.ActiveCfg = Debug|Any CPU
		{D415284D-EDC5-4F47-B5CB-3901DF25D655}.Debug|x86.Build.0 = Debug|Any CPU
		{D415284D-EDC5-4F47-B5CB-3901DF25D655}.Release|Any CPU.ActiveCfg = Release|Any CPU
		{D415284D-EDC5-4F47-B5CB-3901DF25D655}.Release|Any CPU.Build.0 = Release|Any CPU
		{D415284D-EDC5-4F47-B5CB-3901DF25D655}.Release|ARM.ActiveCfg = Release|Any CPU
		{D415284D-EDC5-4F47-B5CB-3901DF25D655}.Release|ARM.Build.0 = Release|Any CPU
		{D415284D-EDC5-4F47-B5CB-3901DF25D655}.Release|ARM64.ActiveCfg = Release|Any CPU
		{D415284D-EDC5-4F47-B5CB-3901DF25D655}.Release|ARM64.Build.0 = Release|Any CPU
		{D415284D-EDC5-4F47-B5CB-3901DF25D655}.Release|x64.ActiveCfg = Release|Any CPU
		{D415284D-EDC5-4F47-B5CB-3901DF25D655}.Release|x64.Build.0 = Release|Any CPU
		{D415284D-EDC5-4F47-B5CB-3901DF25D655}.Release|x86.ActiveCfg = Release|Any CPU
		{D415284D-EDC5-4F47-B5CB-3901DF25D655}.Release|x86.Build.0 = Release|Any CPU
		{B2D7F567-DBD2-424E-A111-E9ADB83FC66F}.Debug|Any CPU.ActiveCfg = Debug|Any CPU
		{B2D7F567-DBD2-424E-A111-E9ADB83FC66F}.Debug|Any CPU.Build.0 = Debug|Any CPU
		{B2D7F567-DBD2-424E-A111-E9ADB83FC66F}.Debug|ARM.ActiveCfg = Debug|Any CPU
		{B2D7F567-DBD2-424E-A111-E9ADB83FC66F}.Debug|ARM.Build.0 = Debug|Any CPU
		{B2D7F567-DBD2-424E-A111-E9ADB83FC66F}.Debug|ARM64.ActiveCfg = Debug|Any CPU
		{B2D7F567-DBD2-424E-A111-E9ADB83FC66F}.Debug|ARM64.Build.0 = Debug|Any CPU
		{B2D7F567-DBD2-424E-A111-E9ADB83FC66F}.Debug|x64.ActiveCfg = Debug|Any CPU
		{B2D7F567-DBD2-424E-A111-E9ADB83FC66F}.Debug|x64.Build.0 = Debug|Any CPU
		{B2D7F567-DBD2-424E-A111-E9ADB83FC66F}.Debug|x86.ActiveCfg = Debug|Any CPU
		{B2D7F567-DBD2-424E-A111-E9ADB83FC66F}.Debug|x86.Build.0 = Debug|Any CPU
		{B2D7F567-DBD2-424E-A111-E9ADB83FC66F}.Release|Any CPU.ActiveCfg = Release|Any CPU
		{B2D7F567-DBD2-424E-A111-E9ADB83FC66F}.Release|Any CPU.Build.0 = Release|Any CPU
		{B2D7F567-DBD2-424E-A111-E9ADB83FC66F}.Release|ARM.ActiveCfg = Release|Any CPU
		{B2D7F567-DBD2-424E-A111-E9ADB83FC66F}.Release|ARM.Build.0 = Release|Any CPU
		{B2D7F567-DBD2-424E-A111-E9ADB83FC66F}.Release|ARM64.ActiveCfg = Release|Any CPU
		{B2D7F567-DBD2-424E-A111-E9ADB83FC66F}.Release|ARM64.Build.0 = Release|Any CPU
		{B2D7F567-DBD2-424E-A111-E9ADB83FC66F}.Release|x64.ActiveCfg = Release|Any CPU
		{B2D7F567-DBD2-424E-A111-E9ADB83FC66F}.Release|x64.Build.0 = Release|Any CPU
		{B2D7F567-DBD2-424E-A111-E9ADB83FC66F}.Release|x86.ActiveCfg = Release|Any CPU
		{B2D7F567-DBD2-424E-A111-E9ADB83FC66F}.Release|x86.Build.0 = Release|Any CPU
		{B06A8CA1-CA30-45C1-B96C-DEFF7FEF6E8D}.Debug|Any CPU.ActiveCfg = Debug|x64
		{B06A8CA1-CA30-45C1-B96C-DEFF7FEF6E8D}.Debug|Any CPU.Build.0 = Debug|x64
		{B06A8CA1-CA30-45C1-B96C-DEFF7FEF6E8D}.Debug|Any CPU.Deploy.0 = Debug|x64
		{B06A8CA1-CA30-45C1-B96C-DEFF7FEF6E8D}.Debug|ARM.ActiveCfg = Debug|ARM
		{B06A8CA1-CA30-45C1-B96C-DEFF7FEF6E8D}.Debug|ARM.Build.0 = Debug|ARM
		{B06A8CA1-CA30-45C1-B96C-DEFF7FEF6E8D}.Debug|ARM.Deploy.0 = Debug|ARM
		{B06A8CA1-CA30-45C1-B96C-DEFF7FEF6E8D}.Debug|ARM64.ActiveCfg = Debug|ARM64
		{B06A8CA1-CA30-45C1-B96C-DEFF7FEF6E8D}.Debug|ARM64.Build.0 = Debug|ARM64
		{B06A8CA1-CA30-45C1-B96C-DEFF7FEF6E8D}.Debug|ARM64.Deploy.0 = Debug|ARM64
		{B06A8CA1-CA30-45C1-B96C-DEFF7FEF6E8D}.Debug|x64.ActiveCfg = Debug|x64
		{B06A8CA1-CA30-45C1-B96C-DEFF7FEF6E8D}.Debug|x64.Build.0 = Debug|x64
		{B06A8CA1-CA30-45C1-B96C-DEFF7FEF6E8D}.Debug|x64.Deploy.0 = Debug|x64
		{B06A8CA1-CA30-45C1-B96C-DEFF7FEF6E8D}.Debug|x86.ActiveCfg = Debug|x86
		{B06A8CA1-CA30-45C1-B96C-DEFF7FEF6E8D}.Debug|x86.Build.0 = Debug|x86
		{B06A8CA1-CA30-45C1-B96C-DEFF7FEF6E8D}.Debug|x86.Deploy.0 = Debug|x86
		{B06A8CA1-CA30-45C1-B96C-DEFF7FEF6E8D}.Release|Any CPU.ActiveCfg = Release|x86
		{B06A8CA1-CA30-45C1-B96C-DEFF7FEF6E8D}.Release|ARM.ActiveCfg = Release|ARM
		{B06A8CA1-CA30-45C1-B96C-DEFF7FEF6E8D}.Release|ARM.Build.0 = Release|ARM
		{B06A8CA1-CA30-45C1-B96C-DEFF7FEF6E8D}.Release|ARM.Deploy.0 = Release|ARM
		{B06A8CA1-CA30-45C1-B96C-DEFF7FEF6E8D}.Release|ARM64.ActiveCfg = Release|ARM64
		{B06A8CA1-CA30-45C1-B96C-DEFF7FEF6E8D}.Release|ARM64.Build.0 = Release|ARM64
		{B06A8CA1-CA30-45C1-B96C-DEFF7FEF6E8D}.Release|ARM64.Deploy.0 = Release|ARM64
		{B06A8CA1-CA30-45C1-B96C-DEFF7FEF6E8D}.Release|x64.ActiveCfg = Release|x64
		{B06A8CA1-CA30-45C1-B96C-DEFF7FEF6E8D}.Release|x64.Build.0 = Release|x64
		{B06A8CA1-CA30-45C1-B96C-DEFF7FEF6E8D}.Release|x64.Deploy.0 = Release|x64
		{B06A8CA1-CA30-45C1-B96C-DEFF7FEF6E8D}.Release|x86.ActiveCfg = Release|x86
		{B06A8CA1-CA30-45C1-B96C-DEFF7FEF6E8D}.Release|x86.Build.0 = Release|x86
		{B06A8CA1-CA30-45C1-B96C-DEFF7FEF6E8D}.Release|x86.Deploy.0 = Release|x86
	EndGlobalSection
	GlobalSection(SolutionProperties) = preSolution
		HideSolutionNode = FALSE
	EndGlobalSection
	GlobalSection(ExtensibilityGlobals) = postSolution
		SolutionGuid = {86343C9E-10D0-4A3B-989C-78174D0A96C6}
	EndGlobalSection
EndGlobal
